
Microsoft Visual Studio Solution File, Format Version 12.00
# Visual Studio 15
VisualStudioVersion = 15.0.26206.0
MinimumVisualStudioVersion = 10.0.40219.1
Project("{151D2E53-A2C4-4D7D-83FE-D05416EBD58E}") = "Azure.APIManagement.Deployment", "Azure.APIManagement.Deployment\Azure.APIManagement.Deployment.deployproj", "{4D67EDEF-F923-47B2-9E2F-D02D67CB0174}"
EndProject
Global
	GlobalSection(SolutionConfigurationPlatforms) = preSolution
		Debug|Any CPU = Debug|Any CPU
		Release|Any CPU = Release|Any CPU
	EndGlobalSection
	GlobalSection(ProjectConfigurationPlatforms) = postSolution
		{4D67EDEF-F923-47B2-9E2F-D02D67CB0174}.Debug|Any CPU.ActiveCfg = Debug|Any CPU
		{4D67EDEF-F923-47B2-9E2F-D02D67CB0174}.Debug|Any CPU.Build.0 = Debug|Any CPU
		{4D67EDEF-F923-47B2-9E2F-D02D67CB0174}.Release|Any CPU.ActiveCfg = Release|Any CPU
		{4D67EDEF-F923-47B2-9E2F-D02D67CB0174}.Release|Any CPU.Build.0 = Release|Any CPU
	EndGlobalSection
	GlobalSection(SolutionProperties) = preSolution
		HideSolutionNode = FALSE
	EndGlobalSection
EndGlobal
