
Microsoft Visual Studio Solution File, Format Version 12.00
# Visual Studio 15
VisualStudioVersion = 15.0.26206.0
MinimumVisualStudioVersion = 10.0.40219.1
Project("{151D2E53-A2C4-4D7D-83FE-D05416EBD58E}") = "Azure.ApplicationInsights.Deployment", "Azure.ApplicationInsights.Deployment\Azure.ApplicationInsights.Deployment.deployproj", "{7B744433-F16E-4147-98DB-0E6F14FC0EE5}"
EndProject
Global
	GlobalSection(SolutionConfigurationPlatforms) = preSolution
		Debug|Any CPU = Debug|Any CPU
		Release|Any CPU = Release|Any CPU
	EndGlobalSection
	GlobalSection(ProjectConfigurationPlatforms) = postSolution
		{7B744433-F16E-4147-98DB-0E6F14FC0EE5}.Debug|Any CPU.ActiveCfg = Debug|Any CPU
		{7B744433-F16E-4147-98DB-0E6F14FC0EE5}.Debug|Any CPU.Build.0 = Debug|Any CPU
		{7B744433-F16E-4147-98DB-0E6F14FC0EE5}.Release|Any CPU.ActiveCfg = Release|Any CPU
		{7B744433-F16E-4147-98DB-0E6F14FC0EE5}.Release|Any CPU.Build.0 = Release|Any CPU
	EndGlobalSection
	GlobalSection(SolutionProperties) = preSolution
		HideSolutionNode = FALSE
	EndGlobalSection
EndGlobal
